
Microsoft Visual Studio Solution File, Format Version 12.00
# Visual Studio Version 17
VisualStudioVersion = 17.14.36429.23 d17.14
MinimumVisualStudioVersion = 10.0.40219.1
Project("{FAE04EC0-301F-11D3-BF4B-00C04F79EFBC}") = "BookShopManagementApp", "BookShopManagementApp.csproj", "{25D6028E-2E02-45A2-A584-4F787E20BFFF}"
EndProject
Global
	GlobalSection(SolutionConfigurationPlatforms) = preSolution
		Debug|Any CPU = Debug|Any CPU
		Release|Any CPU = Release|Any CPU
	EndGlobalSection
	GlobalSection(ProjectConfigurationPlatforms) = postSolution
		{25D6028E-2E02-45A2-A584-4F787E20BFFF}.Debug|Any CPU.ActiveCfg = Debug|Any CPU
		{25D6028E-2E02-45A2-A584-4F787E20BFFF}.Debug|Any CPU.Build.0 = Debug|Any CPU
		{25D6028E-2E02-45A2-A584-4F787E20BFFF}.Release|Any CPU.ActiveCfg = Release|Any CPU
		{25D6028E-2E02-45A2-A584-4F787E20BFFF}.Release|Any CPU.Build.0 = Release|Any CPU
	EndGlobalSection
	GlobalSection(SolutionProperties) = preSolution
		HideSolutionNode = FALSE
	EndGlobalSection
	GlobalSection(ExtensibilityGlobals) = postSolution
		SolutionGuid = {995590C2-AA7B-43E0-ACFE-C0A9A9084A15}
	EndGlobalSection
EndGlobal
